
Microsoft Visual Studio Solution File, Format Version 12.00
# Visual Studio Version 17
VisualStudioVersion = 17.10.35122.118
MinimumVisualStudioVersion = 10.0.40219.1
Project("{FAE04EC0-301F-11D3-BF4B-00C04F79EFBC}") = "SurfaceBoom", "SurfaceBloom\SurfaceBoom.csproj", "{576FB505-9399-4F60-8647-969C8E869FEA}"
EndProject
Global
	GlobalSection(SolutionConfigurationPlatforms) = preSolution
		Debug|Any CPU = Debug|Any CPU
		Release|Any CPU = Release|Any CPU
	EndGlobalSection
	GlobalSection(ProjectConfigurationPlatforms) = postSolution
		{576FB505-9399-4F60-8647-969C8E869FEA}.Debug|Any CPU.ActiveCfg = Debug|Any CPU
		{576FB505-9399-4F60-8647-969C8E869FEA}.Debug|Any CPU.Build.0 = Debug|Any CPU
		{576FB505-9399-4F60-8647-969C8E869FEA}.Release|Any CPU.ActiveCfg = Release|Any CPU
		{576FB505-9399-4F60-8647-969C8E869FEA}.Release|Any CPU.Build.0 = Release|Any CPU
	EndGlobalSection
	GlobalSection(SolutionProperties) = preSolution
		HideSolutionNode = FALSE
	EndGlobalSection
	GlobalSection(ExtensibilityGlobals) = postSolution
		SolutionGuid = {E693DA14-01F6-4710-9390-5DB010142653}
	EndGlobalSection
EndGlobal
